
Microsoft Visual Studio Solution File, Format Version 12.00
# Visual Studio Version 16
VisualStudioVersion = 16.0.29911.84
MinimumVisualStudioVersion = 10.0.40219.1
Project("{FAE04EC0-301F-11D3-BF4B-00C04F79EFBC}") = "Employees", "Employees\Employees.csproj", "{919D14A8-82FC-4E32-AB80-2FF3B2D5B763}"
EndProject
Global
	GlobalSection(SolutionConfigurationPlatforms) = preSolution
		Debug|Any CPU = Debug|Any CPU
		Release|Any CPU = Release|Any CPU
	EndGlobalSection
	GlobalSection(ProjectConfigurationPlatforms) = postSolution
		{919D14A8-82FC-4E32-AB80-2FF3B2D5B763}.Debug|Any CPU.ActiveCfg = Debug|Any CPU
		{919D14A8-82FC-4E32-AB80-2FF3B2D5B763}.Debug|Any CPU.Build.0 = Debug|Any CPU
		{919D14A8-82FC-4E32-AB80-2FF3B2D5B763}.Release|Any CPU.ActiveCfg = Release|Any CPU
		{919D14A8-82FC-4E32-AB80-2FF3B2D5B763}.Release|Any CPU.Build.0 = Release|Any CPU
	EndGlobalSection
	GlobalSection(SolutionProperties) = preSolution
		HideSolutionNode = FALSE
	EndGlobalSection
	GlobalSection(ExtensibilityGlobals) = postSolution
		SolutionGuid = {C0A3CDAF-6658-4CBB-9716-ACFCF0C722C4}
	EndGlobalSection
EndGlobal
